
Microsoft Visual Studio Solution File, Format Version 12.00
# Visual Studio Version 17
VisualStudioVersion = 17.5.002.0
MinimumVisualStudioVersion = 10.0.40219.1
Project("{2150E333-8FDC-42A3-9474-1A3956D46DE8}") = "csharp-prep", "csharp-prep", "{D599CCD8-12EE-47A0-BD06-B33FB90CE35D}"
EndProject
Project("{9A19103F-16F7-4668-BE54-9A1E7A4F7556}") = "Prep1", "csharp-prep\Prep1\Prep1.csproj", "{041DE3B7-DB30-415D-8A84-DCC48E74B774}"
EndProject
Project("{9A19103F-16F7-4668-BE54-9A1E7A4F7556}") = "Prep2", "csharp-prep\Prep2\Prep2.csproj", "{7240F69F-2980-4426-BEED-A9DE4B190DC0}"
EndProject
Project("{9A19103F-16F7-4668-BE54-9A1E7A4F7556}") = "Prep3", "csharp-prep\Prep3\Prep3.csproj", "{8C59E490-4EE0-43C7-B04C-D025E4384427}"
EndProject
Project("{9A19103F-16F7-4668-BE54-9A1E7A4F7556}") = "Prep4", "csharp-prep\Prep4\Prep4.csproj", "{D5F5C2F0-27A6-4D4B-8828-3AB1B75AD0D8}"
EndProject
Project("{9A19103F-16F7-4668-BE54-9A1E7A4F7556}") = "Prep5", "csharp-prep\Prep5\Prep5.csproj", "{8A7B86D5-2B85-4FB0-B922-6832BFBD97AA}"
EndProject
Project("{2150E333-8FDC-42A3-9474-1A3956D46DE8}") = "final", "final", "{3F192EDC-F778-45F7-BF91-568DAAF47F1F}"
EndProject
Project("{9A19103F-16F7-4668-BE54-9A1E7A4F7556}") = "FinalProject", "final\FinalProject\FinalProject.csproj", "{56CD4775-22CD-4D03-8E77-1DDDD8632FCB}"
EndProject
Project("{9A19103F-16F7-4668-BE54-9A1E7A4F7556}") = "Foundation1", "final\Foundation1\Foundation1.csproj", "{8ACF03A8-79E1-4B9E-9D78-C8B515CD3690}"
EndProject
Project("{9A19103F-16F7-4668-BE54-9A1E7A4F7556}") = "Foundation2", "final\Foundation2\Foundation2.csproj", "{B901BCBC-B890-4196-9032-879731F848FE}"
EndProject
Project("{9A19103F-16F7-4668-BE54-9A1E7A4F7556}") = "Foundation3", "final\Foundation3\Foundation3.csproj", "{326979D4-35B0-49BD-A768-26F9C5C9204D}"
EndProject
Project("{9A19103F-16F7-4668-BE54-9A1E7A4F7556}") = "Foundation4", "final\Foundation4\Foundation4.csproj", "{E5C46D8B-56D3-411B-BE3C-6DC4B7FA20B9}"
EndProject
Project("{2150E333-8FDC-42A3-9474-1A3956D46DE8}") = "prepare", "prepare", "{4D189D91-0F8F-44C0-9511-828264FAF1B4}"
EndProject
Project("{9A19103F-16F7-4668-BE54-9A1E7A4F7556}") = "Learning02", "prepare\Learning02\Learning02.csproj", "{EAEAC04B-DEAD-4790-AFC4-8B7A2FAB6CD9}"
EndProject
Project("{9A19103F-16F7-4668-BE54-9A1E7A4F7556}") = "Learning03", "prepare\Learning03\Learning03.csproj", "{6A3440C4-5887-4045-AE3A-DB312C265490}"
EndProject
Project("{9A19103F-16F7-4668-BE54-9A1E7A4F7556}") = "Learning04", "prepare\Learning04\Learning04.csproj", "{06CAB352-D6BC-4EF3-9B37-386D1CE390DD}"
EndProject
Project("{9A19103F-16F7-4668-BE54-9A1E7A4F7556}") = "Learning05", "prepare\Learning05\Learning05.csproj", "{4990FB37-F07A-4464-B911-644557BAC1D7}"
EndProject
Project("{2150E333-8FDC-42A3-9474-1A3956D46DE8}") = "prove", "prove", "{EA62C6C5-9377-4A40-BB55-D3B0976CE5E5}"
EndProject
Project("{9A19103F-16F7-4668-BE54-9A1E7A4F7556}") = "Develop02", "prove\Develop02\Develop02.csproj", "{14602526-5017-4449-9E29-8B29574AF59D}"
EndProject
Project("{9A19103F-16F7-4668-BE54-9A1E7A4F7556}") = "Develop03", "prove\Develop03\Develop03.csproj", "{2DB93206-6BFB-47A0-BD25-19E41CF40C09}"
EndProject
Project("{9A19103F-16F7-4668-BE54-9A1E7A4F7556}") = "Develop04", "prove\Develop04\Develop04.csproj", "{A71C35EC-EAF3-4889-81D8-F5607BAEEE87}"
EndProject
Project("{9A19103F-16F7-4668-BE54-9A1E7A4F7556}") = "Develop05", "prove\Develop05\Develop05.csproj", "{2287BEE9-C022-4DA1-9566-6333C3F952DE}"
EndProject
Project("{2150E333-8FDC-42A3-9474-1A3956D46DE8}") = "sandbox", "sandbox", "{79EAB374-6E36-48FC-9560-8CA2ED2E183D}"
EndProject
Project("{9A19103F-16F7-4668-BE54-9A1E7A4F7556}") = "Sandbox", "sandbox\Sandbox\Sandbox.csproj", "{59396B24-6BA9-4C05-B50B-1D7CA25F29C6}"
EndProject
Global
	GlobalSection(SolutionConfigurationPlatforms) = preSolution
		Debug|Any CPU = Debug|Any CPU
		Release|Any CPU = Release|Any CPU
	EndGlobalSection
	GlobalSection(ProjectConfigurationPlatforms) = postSolution
		{041DE3B7-DB30-415D-8A84-DCC48E74B774}.Debug|Any CPU.ActiveCfg = Debug|Any CPU
		{041DE3B7-DB30-415D-8A84-DCC48E74B774}.Debug|Any CPU.Build.0 = Debug|Any CPU
		{041DE3B7-DB30-415D-8A84-DCC48E74B774}.Release|Any CPU.ActiveCfg = Release|Any CPU
		{041DE3B7-DB30-415D-8A84-DCC48E74B774}.Release|Any CPU.Build.0 = Release|Any CPU
		{7240F69F-2980-4426-BEED-A9DE4B190DC0}.Debug|Any CPU.ActiveCfg = Debug|Any CPU
		{7240F69F-2980-4426-BEED-A9DE4B190DC0}.Debug|Any CPU.Build.0 = Debug|Any CPU
		{7240F69F-2980-4426-BEED-A9DE4B190DC0}.Release|Any CPU.ActiveCfg = Release|Any CPU
		{7240F69F-2980-4426-BEED-A9DE4B190DC0}.Release|Any CPU.Build.0 = Release|Any CPU
		{8C59E490-4EE0-43C7-B04C-D025E4384427}.Debug|Any CPU.ActiveCfg = Debug|Any CPU
		{8C59E490-4EE0-43C7-B04C-D025E4384427}.Debug|Any CPU.Build.0 = Debug|Any CPU
		{8C59E490-4EE0-43C7-B04C-D025E4384427}.Release|Any CPU.ActiveCfg = Release|Any CPU
		{8C59E490-4EE0-43C7-B04C-D025E4384427}.Release|Any CPU.Build.0 = Release|Any CPU
		{D5F5C2F0-27A6-4D4B-8828-3AB1B75AD0D8}.Debug|Any CPU.ActiveCfg = Debug|Any CPU
		{D5F5C2F0-27A6-4D4B-8828-3AB1B75AD0D8}.Debug|Any CPU.Build.0 = Debug|Any CPU
		{D5F5C2F0-27A6-4D4B-8828-3AB1B75AD0D8}.Release|Any CPU.ActiveCfg = Release|Any CPU
		{D5F5C2F0-27A6-4D4B-8828-3AB1B75AD0D8}.Release|Any CPU.Build.0 = Release|Any CPU
		{8A7B86D5-2B85-4FB0-B922-6832BFBD97AA}.Debug|Any CPU.ActiveCfg = Debug|Any CPU
		{8A7B86D5-2B85-4FB0-B922-6832BFBD97AA}.Debug|Any CPU.Build.0 = Debug|Any CPU
		{8A7B86D5-2B85-4FB0-B922-6832BFBD97AA}.Release|Any CPU.ActiveCfg = Release|Any CPU
		{8A7B86D5-2B85-4FB0-B922-6832BFBD97AA}.Release|Any CPU.Build.0 = Release|Any CPU
		{56CD4775-22CD-4D03-8E77-1DDDD8632FCB}.Debug|Any CPU.ActiveCfg = Debug|Any CPU
		{56CD4775-22CD-4D03-8E77-1DDDD8632FCB}.Debug|Any CPU.Build.0 = Debug|Any CPU
		{56CD4775-22CD-4D03-8E77-1DDDD8632FCB}.Release|Any CPU.ActiveCfg = Release|Any CPU
		{56CD4775-22CD-4D03-8E77-1DDDD8632FCB}.Release|Any CPU.Build.0 = Release|Any CPU
		{8ACF03A8-79E1-4B9E-9D78-C8B515CD3690}.Debug|Any CPU.ActiveCfg = Debug|Any CPU
		{8ACF03A8-79E1-4B9E-9D78-C8B515CD3690}.Debug|Any CPU.Build.0 = Debug|Any CPU
		{8ACF03A8-79E1-4B9E-9D78-C8B515CD3690}.Release|Any CPU.ActiveCfg = Release|Any CPU
		{8ACF03A8-79E1-4B9E-9D78-C8B515CD3690}.Release|Any CPU.Build.0 = Release|Any CPU
		{B901BCBC-B890-4196-9032-879731F848FE}.Debug|Any CPU.ActiveCfg = Debug|Any CPU
		{B901BCBC-B890-4196-9032-879731F848FE}.Debug|Any CPU.Build.0 = Debug|Any CPU
		{B901BCBC-B890-4196-9032-879731F848FE}.Release|Any CPU.ActiveCfg = Release|Any CPU
		{B901BCBC-B890-4196-9032-879731F848FE}.Release|Any CPU.Build.0 = Release|Any CPU
		{326979D4-35B0-49BD-A768-26F9C5C9204D}.Debug|Any CPU.ActiveCfg = Debug|Any CPU
		{326979D4-35B0-49BD-A768-26F9C5C9204D}.Debug|Any CPU.Build.0 = Debug|Any CPU
		{326979D4-35B0-49BD-A768-26F9C5C9204D}.Release|Any CPU.ActiveCfg = Release|Any CPU
		{326979D4-35B0-49BD-A768-26F9C5C9204D}.Release|Any CPU.Build.0 = Release|Any CPU
		{E5C46D8B-56D3-411B-BE3C-6DC4B7FA20B9}.Debug|Any CPU.ActiveCfg = Debug|Any CPU
		{E5C46D8B-56D3-411B-BE3C-6DC4B7FA20B9}.Debug|Any CPU.Build.0 = Debug|Any CPU
		{E5C46D8B-56D3-411B-BE3C-6DC4B7FA20B9}.Release|Any CPU.ActiveCfg = Release|Any CPU
		{E5C46D8B-56D3-411B-BE3C-6DC4B7FA20B9}.Release|Any CPU.Build.0 = Release|Any CPU
		{EAEAC04B-DEAD-4790-AFC4-8B7A2FAB6CD9}.Debug|Any CPU.ActiveCfg = Debug|Any CPU
		{EAEAC04B-DEAD-4790-AFC4-8B7A2FAB6CD9}.Debug|Any CPU.Build.0 = Debug|Any CPU
		{EAEAC04B-DEAD-4790-AFC4-8B7A2FAB6CD9}.Release|Any CPU.ActiveCfg = Release|Any CPU
		{EAEAC04B-DEAD-4790-AFC4-8B7A2FAB6CD9}.Release|Any CPU.Build.0 = Release|Any CPU
		{6A3440C4-5887-4045-AE3A-DB312C265490}.Debug|Any CPU.ActiveCfg = Debug|Any CPU
		{6A3440C4-5887-4045-AE3A-DB312C265490}.Debug|Any CPU.Build.0 = Debug|Any CPU
		{6A3440C4-5887-4045-AE3A-DB312C265490}.Release|Any CPU.ActiveCfg = Release|Any CPU
		{6A3440C4-5887-4045-AE3A-DB312C265490}.Release|Any CPU.Build.0 = Release|Any CPU
		{06CAB352-D6BC-4EF3-9B37-386D1CE390DD}.Debug|Any CPU.ActiveCfg = Debug|Any CPU
		{06CAB352-D6BC-4EF3-9B37-386D1CE390DD}.Debug|Any CPU.Build.0 = Debug|Any CPU
		{06CAB352-D6BC-4EF3-9B37-386D1CE390DD}.Release|Any CPU.ActiveCfg = Release|Any CPU
		{06CAB352-D6BC-4EF3-9B37-386D1CE390DD}.Release|Any CPU.Build.0 = Release|Any CPU
		{4990FB37-F07A-4464-B911-644557BAC1D7}.Debug|Any CPU.ActiveCfg = Debug|Any CPU
		{4990FB37-F07A-4464-B911-644557BAC1D7}.Debug|Any CPU.Build.0 = Debug|Any CPU
		{4990FB37-F07A-4464-B911-644557BAC1D7}.Release|Any CPU.ActiveCfg = Release|Any CPU
		{4990FB37-F07A-4464-B911-644557BAC1D7}.Release|Any CPU.Build.0 = Release|Any CPU
		{14602526-5017-4449-9E29-8B29574AF59D}.Debug|Any CPU.ActiveCfg = Debug|Any CPU
		{14602526-5017-4449-9E29-8B29574AF59D}.Debug|Any CPU.Build.0 = Debug|Any CPU
		{14602526-5017-4449-9E29-8B29574AF59D}.Release|Any CPU.ActiveCfg = Release|Any CPU
		{14602526-5017-4449-9E29-8B29574AF59D}.Release|Any CPU.Build.0 = Release|Any CPU
		{2DB93206-6BFB-47A0-BD25-19E41CF40C09}.Debug|Any CPU.ActiveCfg = Debug|Any CPU
		{2DB93206-6BFB-47A0-BD25-19E41CF40C09}.Debug|Any CPU.Build.0 = Debug|Any CPU
		{2DB93206-6BFB-47A0-BD25-19E41CF40C09}.Release|Any CPU.ActiveCfg = Release|Any CPU
		{2DB93206-6BFB-47A0-BD25-19E41CF40C09}.Release|Any CPU.Build.0 = Release|Any CPU
		{A71C35EC-EAF3-4889-81D8-F5607BAEEE87}.Debug|Any CPU.ActiveCfg = Debug|Any CPU
		{A71C35EC-EAF3-4889-81D8-F5607BAEEE87}.Debug|Any CPU.Build.0 = Debug|Any CPU
		{A71C35EC-EAF3-4889-81D8-F5607BAEEE87}.Release|Any CPU.ActiveCfg = Release|Any CPU
		{A71C35EC-EAF3-4889-81D8-F5607BAEEE87}.Release|Any CPU.Build.0 = Release|Any CPU
		{2287BEE9-C022-4DA1-9566-6333C3F952DE}.Debug|Any CPU.ActiveCfg = Debug|Any CPU
		{2287BEE9-C022-4DA1-9566-6333C3F952DE}.Debug|Any CPU.Build.0 = Debug|Any CPU
		{2287BEE9-C022-4DA1-9566-6333C3F952DE}.Release|Any CPU.ActiveCfg = Release|Any CPU
		{2287BEE9-C022-4DA1-9566-6333C3F952DE}.Release|Any CPU.Build.0 = Release|Any CPU
		{59396B24-6BA9-4C05-B50B-1D7CA25F29C6}.Debug|Any CPU.ActiveCfg = Debug|Any CPU
		{59396B24-6BA9-4C05-B50B-1D7CA25F29C6}.Debug|Any CPU.Build.0 = Debug|Any CPU
		{59396B24-6BA9-4C05-B50B-1D7CA25F29C6}.Release|Any CPU.ActiveCfg = Release|Any CPU
		{59396B24-6BA9-4C05-B50B-1D7CA25F29C6}.Release|Any CPU.Build.0 = Release|Any CPU
	EndGlobalSection
	GlobalSection(SolutionProperties) = preSolution
		HideSolutionNode = FALSE
	EndGlobalSection
	GlobalSection(NestedProjects) = preSolution
		{041DE3B7-DB30-415D-8A84-DCC48E74B774} = {D599CCD8-12EE-47A0-BD06-B33FB90CE35D}
		{7240F69F-2980-4426-BEED-A9DE4B190DC0} = {D599CCD8-12EE-47A0-BD06-B33FB90CE35D}
		{8C59E490-4EE0-43C7-B04C-D025E4384427} = {D599CCD8-12EE-47A0-BD06-B33FB90CE35D}
		{D5F5C2F0-27A6-4D4B-8828-3AB1B75AD0D8} = {D599CCD8-12EE-47A0-BD06-B33FB90CE35D}
		{8A7B86D5-2B85-4FB0-B922-6832BFBD97AA} = {D599CCD8-12EE-47A0-BD06-B33FB90CE35D}
		{56CD4775-22CD-4D03-8E77-1DDDD8632FCB} = {3F192EDC-F778-45F7-BF91-568DAAF47F1F}
		{8ACF03A8-79E1-4B9E-9D78-C8B515CD3690} = {3F192EDC-F778-45F7-BF91-568DAAF47F1F}
		{B901BCBC-B890-4196-9032-879731F848FE} = {3F192EDC-F778-45F7-BF91-568DAAF47F1F}
		{326979D4-35B0-49BD-A768-26F9C5C9204D} = {3F192EDC-F778-45F7-BF91-568DAAF47F1F}
		{E5C46D8B-56D3-411B-BE3C-6DC4B7FA20B9} = {3F192EDC-F778-45F7-BF91-568DAAF47F1F}
		{EAEAC04B-DEAD-4790-AFC4-8B7A2FAB6CD9} = {4D189D91-0F8F-44C0-9511-828264FAF1B4}
		{6A3440C4-5887-4045-AE3A-DB312C265490} = {4D189D91-0F8F-44C0-9511-828264FAF1B4}
		{06CAB352-D6BC-4EF3-9B37-386D1CE390DD} = {4D189D91-0F8F-44C0-9511-828264FAF1B4}
		{4990FB37-F07A-4464-B911-644557BAC1D7} = {4D189D91-0F8F-44C0-9511-828264FAF1B4}
		{14602526-5017-4449-9E29-8B29574AF59D} = {EA62C6C5-9377-4A40-BB55-D3B0976CE5E5}
		{2DB93206-6BFB-47A0-BD25-19E41CF40C09} = {EA62C6C5-9377-4A40-BB55-D3B0976CE5E5}
		{A71C35EC-EAF3-4889-81D8-F5607BAEEE87} = {EA62C6C5-9377-4A40-BB55-D3B0976CE5E5}
		{2287BEE9-C022-4DA1-9566-6333C3F952DE} = {EA62C6C5-9377-4A40-BB55-D3B0976CE5E5}
		{59396B24-6BA9-4C05-B50B-1D7CA25F29C6} = {79EAB374-6E36-48FC-9560-8CA2ED2E183D}
	EndGlobalSection
	GlobalSection(ExtensibilityGlobals) = postSolution
		SolutionGuid = {3D46AD59-2834-4A8C-9636-96DABBE8773F}
	EndGlobalSection
EndGlobal
